// !$*UTF8*$!
{
	archiveVersion = 1;
	classes = {
	};
	objectVersion = 56;
	objects = {

/* Begin PBXBuildFile section */
		5218E1BF299A691F0099B04C /* AppDelegate.swift in Sources */ = {isa = PBXBuildFile; fileRef = 5218E1BE299A691F0099B04C /* AppDelegate.swift */; };
		5218E1C1299A691F0099B04C /* SceneDelegate.swift in Sources */ = {isa = PBXBuildFile; fileRef = 5218E1C0299A691F0099B04C /* SceneDelegate.swift */; };
		5218E1C6299A691F0099B04C /* Main.storyboard in Resources */ = {isa = PBXBuildFile; fileRef = 5218E1C4299A691F0099B04C /* Main.storyboard */; };
		5218E1C8299A69210099B04C /* Assets.xcassets in Resources */ = {isa = PBXBuildFile; fileRef = 5218E1C7299A69210099B04C /* Assets.xcassets */; };
		5218E1CB299A69210099B04C /* LaunchScreen.storyboard in Resources */ = {isa = PBXBuildFile; fileRef = 5218E1C9299A69210099B04C /* LaunchScreen.storyboard */; };
		5218E1DE299A6C290099B04C /* Product.swift in Sources */ = {isa = PBXBuildFile; fileRef = 5218E1DD299A6C290099B04C /* Product.swift */; };
		52B9EBF8299D062900048BC6 /* APIManager.swift in Sources */ = {isa = PBXBuildFile; fileRef = 52B9EBF7299D062900048BC6 /* APIManager.swift */; };
		52B9EBFA299D067200048BC6 /* Constant.swift in Sources */ = {isa = PBXBuildFile; fileRef = 52B9EBF9299D067200048BC6 /* Constant.swift */; };
		52B9EBFC299D0E0700048BC6 /* ProductListViewController.swift in Sources */ = {isa = PBXBuildFile; fileRef = 52B9EBFB299D0E0700048BC6 /* ProductListViewController.swift */; };
		52B9EBFE299D0F5A00048BC6 /* ProductViewModel.swift in Sources */ = {isa = PBXBuildFile; fileRef = 52B9EBFD299D0F5A00048BC6 /* ProductViewModel.swift */; };
		52B9EC05299D194700048BC6 /* ProductCell.swift in Sources */ = {isa = PBXBuildFile; fileRef = 52B9EC03299D194700048BC6 /* ProductCell.swift */; };
		52B9EC06299D194700048BC6 /* ProductCell.xib in Resources */ = {isa = PBXBuildFile; fileRef = 52B9EC04299D194700048BC6 /* ProductCell.xib */; };
		52D1D5E3299E696600D7F9A4 /* Kingfisher in Frameworks */ = {isa = PBXBuildFile; productRef = 52D1D5E2299E696600D7F9A4 /* Kingfisher */; };
		52D1D5E5299E69B800D7F9A4 /* UIImage + Extension.swift in Sources */ = {isa = PBXBuildFile; fileRef = 52D1D5E4299E69B800D7F9A4 /* UIImage + Extension.swift */; };
		52D3E822299E6F5700953834 /* AddProductViewController.swift in Sources */ = {isa = PBXBuildFile; fileRef = 52D3E821299E6F5700953834 /* AddProductViewController.swift */; };
		52D3E824299E6F7A00953834 /* AddProduct.swift in Sources */ = {isa = PBXBuildFile; fileRef = 52D3E823299E6F7A00953834 /* AddProduct.swift */; };
		52D3E827299E6FDE00953834 /* EndPointType.swift in Sources */ = {isa = PBXBuildFile; fileRef = 52D3E826299E6FDE00953834 /* EndPointType.swift */; };
		52D3E829299E700600953834 /* ProductEndPointType.swift in Sources */ = {isa = PBXBuildFile; fileRef = 52D3E828299E700600953834 /* ProductEndPointType.swift */; };
/* End PBXBuildFile section */

/* Begin PBXFileReference section */
		5218E1BB299A691F0099B04C /* BuyMe.app */ = {isa = PBXFileReference; explicitFileType = wrapper.application; includeInIndex = 0; path = BuyMe.app; sourceTree = BUILT_PRODUCTS_DIR; };
		5218E1BE299A691F0099B04C /* AppDelegate.swift */ = {isa = PBXFileReference; lastKnownFileType = sourcecode.swift; path = AppDelegate.swift; sourceTree = "<group>"; };
		5218E1C0299A691F0099B04C /* SceneDelegate.swift */ = {isa = PBXFileReference; lastKnownFileType = sourcecode.swift; path = SceneDelegate.swift; sourceTree = "<group>"; };
		5218E1C5299A691F0099B04C /* Base */ = {isa = PBXFileReference; lastKnownFileType = file.storyboard; name = Base; path = Base.lproj/Main.storyboard; sourceTree = "<group>"; };
		5218E1C7299A69210099B04C /* Assets.xcassets */ = {isa = PBXFileReference; lastKnownFileType = folder.assetcatalog; path = Assets.xcassets; sourceTree = "<group>"; };
		5218E1CA299A69210099B04C /* Base */ = {isa = PBXFileReference; lastKnownFileType = file.storyboard; name = Base; path = Base.lproj/LaunchScreen.storyboard; sourceTree = "<group>"; };
		5218E1CC299A69210099B04C /* Info.plist */ = {isa = PBXFileReference; lastKnownFileType = text.plist.xml; path = Info.plist; sourceTree = "<group>"; };
		5218E1DD299A6C290099B04C /* Product.swift */ = {isa = PBXFileReference; lastKnownFileType = sourcecode.swift; path = Product.swift; sourceTree = "<group>"; };
		52B9EBF7299D062900048BC6 /* APIManager.swift */ = {isa = PBXFileReference; lastKnownFileType = sourcecode.swift; path = APIManager.swift; sourceTree = "<group>"; };
		52B9EBF9299D067200048BC6 /* Constant.swift */ = {isa = PBXFileReference; lastKnownFileType = sourcecode.swift; path = Constant.swift; sourceTree = "<group>"; };
		52B9EBFB299D0E0700048BC6 /* ProductListViewController.swift */ = {isa = PBXFileReference; lastKnownFileType = sourcecode.swift; path = ProductListViewController.swift; sourceTree = "<group>"; };
		52B9EBFD299D0F5A00048BC6 /* ProductViewModel.swift */ = {isa = PBXFileReference; lastKnownFileType = sourcecode.swift; path = ProductViewModel.swift; sourceTree = "<group>"; };
		52B9EC03299D194700048BC6 /* ProductCell.swift */ = {isa = PBXFileReference; lastKnownFileType = sourcecode.swift; path = ProductCell.swift; sourceTree = "<group>"; };
		52B9EC04299D194700048BC6 /* ProductCell.xib */ = {isa = PBXFileReference; lastKnownFileType = file.xib; path = ProductCell.xib; sourceTree = "<group>"; };
		52D1D5E4299E69B800D7F9A4 /* UIImage + Extension.swift */ = {isa = PBXFileReference; lastKnownFileType = sourcecode.swift; path = "UIImage + Extension.swift"; sourceTree = "<group>"; };
		52D3E821299E6F5700953834 /* AddProductViewController.swift */ = {isa = PBXFileReference; lastKnownFileType = sourcecode.swift; path = AddProductViewController.swift; sourceTree = "<group>"; };
		52D3E823299E6F7A00953834 /* AddProduct.swift */ = {isa = PBXFileReference; lastKnownFileType = sourcecode.swift; path = AddProduct.swift; sourceTree = "<group>"; };
		52D3E826299E6FDE00953834 /* EndPointType.swift */ = {isa = PBXFileReference; lastKnownFileType = sourcecode.swift; path = EndPointType.swift; sourceTree = "<group>"; };
		52D3E828299E700600953834 /* ProductEndPointType.swift */ = {isa = PBXFileReference; lastKnownFileType = sourcecode.swift; path = ProductEndPointType.swift; sourceTree = "<group>"; };
/* End PBXFileReference section */

/* Begin PBXFrameworksBuildPhase section */
		5218E1B8299A691F0099B04C /* Frameworks */ = {
			isa = PBXFrameworksBuildPhase;
			buildActionMask = 2147483647;
			files = (
				52D1D5E3299E696600D7F9A4 /* Kingfisher in Frameworks */,
			);
			runOnlyForDeploymentPostprocessing = 0;
		};
/* End PBXFrameworksBuildPhase section */

/* Begin PBXGroup section */
		5218E1B2299A691F0099B04C = {
			isa = PBXGroup;
			children = (
				5218E1BD299A691F0099B04C /* BuyMe */,
				5218E1BC299A691F0099B04C /* Products */,
			);
			sourceTree = "<group>";
		};
		5218E1BC299A691F0099B04C /* Products */ = {
			isa = PBXGroup;
			children = (
				5218E1BB299A691F0099B04C /* BuyMe.app */,
			);
			name = Products;
			sourceTree = "<group>";
		};
		5218E1BD299A691F0099B04C /* BuyMe */ = {
			isa = PBXGroup;
			children = (
				52D3E825299E6FCF00953834 /* Utility */,
				5218E1D2299A69460099B04C /* App */,
				5218E1D6299A69A30099B04C /* Constant */,
				5218E1D3299A694C0099B04C /* Helper */,
				5218E1D7299A69A80099B04C /* Resources */,
				5218E1D8299A69BF0099B04C /* Storyboard */,
				5218E1D4299A69950099B04C /* Extensions */,
				5218E1D5299A699C0099B04C /* Screens */,
				5218E1CC299A69210099B04C /* Info.plist */,
			);
			path = BuyMe;
			sourceTree = "<group>";
		};
		5218E1D2299A69460099B04C /* App */ = {
			isa = PBXGroup;
			children = (
				5218E1BE299A691F0099B04C /* AppDelegate.swift */,
				5218E1C0299A691F0099B04C /* SceneDelegate.swift */,
			);
			path = App;
			sourceTree = "<group>";
		};
		5218E1D3299A694C0099B04C /* Helper */ = {
			isa = PBXGroup;
			children = (
				52B9EBF7299D062900048BC6 /* APIManager.swift */,
			);
			path = Helper;
			sourceTree = "<group>";
		};
		5218E1D4299A69950099B04C /* Extensions */ = {
			isa = PBXGroup;
			children = (
				52D1D5E4299E69B800D7F9A4 /* UIImage + Extension.swift */,
			);
			path = Extensions;
			sourceTree = "<group>";
		};
		5218E1D5299A699C0099B04C /* Screens */ = {
			isa = PBXGroup;
			children = (
				5218E1D9299A6A180099B04C /* Product */,
			);
			path = Screens;
			sourceTree = "<group>";
		};
		5218E1D6299A69A30099B04C /* Constant */ = {
			isa = PBXGroup;
			children = (
				52B9EBF9299D067200048BC6 /* Constant.swift */,
			);
			path = Constant;
			sourceTree = "<group>";
		};
		5218E1D7299A69A80099B04C /* Resources */ = {
			isa = PBXGroup;
			children = (
				5218E1C7299A69210099B04C /* Assets.xcassets */,
			);
			path = Resources;
			sourceTree = "<group>";
		};
		5218E1D8299A69BF0099B04C /* Storyboard */ = {
			isa = PBXGroup;
			children = (
				5218E1C4299A691F0099B04C /* Main.storyboard */,
				5218E1C9299A69210099B04C /* LaunchScreen.storyboard */,
			);
			path = Storyboard;
			sourceTree = "<group>";
		};
		5218E1D9299A6A180099B04C /* Product */ = {
			isa = PBXGroup;
			children = (
				5218E1DA299A6A210099B04C /* Model */,
				5218E1DB299A6A280099B04C /* View */,
				5218E1DC299A6A2C0099B04C /* ViewModel */,
			);
			path = Product;
			sourceTree = "<group>";
		};
		5218E1DA299A6A210099B04C /* Model */ = {
			isa = PBXGroup;
			children = (
				5218E1DD299A6C290099B04C /* Product.swift */,
				52D3E823299E6F7A00953834 /* AddProduct.swift */,
			);
			path = Model;
			sourceTree = "<group>";
		};
		5218E1DB299A6A280099B04C /* View */ = {
			isa = PBXGroup;
			children = (
				52D3E820299E6F2E00953834 /* Controller */,
				52B9EC03299D194700048BC6 /* ProductCell.swift */,
				52B9EC04299D194700048BC6 /* ProductCell.xib */,
			);
			path = View;
			sourceTree = "<group>";
		};
		5218E1DC299A6A2C0099B04C /* ViewModel */ = {
			isa = PBXGroup;
			children = (
				52B9EBFD299D0F5A00048BC6 /* ProductViewModel.swift */,
			);
			path = ViewModel;
			sourceTree = "<group>";
		};
		52D3E820299E6F2E00953834 /* Controller */ = {
			isa = PBXGroup;
			children = (
				52B9EBFB299D0E0700048BC6 /* ProductListViewController.swift */,
				52D3E821299E6F5700953834 /* AddProductViewController.swift */,
			);
			path = Controller;
			sourceTree = "<group>";
		};
		52D3E825299E6FCF00953834 /* Utility */ = {
			isa = PBXGroup;
			children = (
				52D3E826299E6FDE00953834 /* EndPointType.swift */,
				52D3E828299E700600953834 /* ProductEndPointType.swift */,
			);
			path = Utility;
			sourceTree = "<group>";
		};
/* End PBXGroup section */

/* Begin PBXNativeTarget section */
		5218E1BA299A691F0099B04C /* BuyMe */ = {
			isa = PBXNativeTarget;
			buildConfigurationList = 5218E1CF299A69210099B04C /* Build configuration list for PBXNativeTarget "BuyMe" */;
			buildPhases = (
				5218E1B7299A691F0099B04C /* Sources */,
				5218E1B8299A691F0099B04C /* Frameworks */,
				5218E1B9299A691F0099B04C /* Resources */,
			);
			buildRules = (
			);
			dependencies = (
			);
			name = BuyMe;
			packageProductDependencies = (
				52D1D5E2299E696600D7F9A4 /* Kingfisher */,
			);
			productName = BuyMe;
			productReference = 5218E1BB299A691F0099B04C /* BuyMe.app */;
			productType = "com.apple.product-type.application";
		};
/* End PBXNativeTarget section */

/* Begin PBXProject section */
		5218E1B3299A691F0099B04C /* Project object */ = {
			isa = PBXProject;
			attributes = {
				BuildIndependentTargetsInParallel = 1;
				LastSwiftUpdateCheck = 1420;
				LastUpgradeCheck = 1420;
				TargetAttributes = {
					5218E1BA299A691F0099B04C = {
						CreatedOnToolsVersion = 14.2;
					};
				};
			};
			buildConfigurationList = 5218E1B6299A691F0099B04C /* Build configuration list for PBXProject "BuyMe" */;
			compatibilityVersion = "Xcode 14.0";
			developmentRegion = en;
			hasScannedForEncodings = 0;
			knownRegions = (
				en,
				Base,
			);
			mainGroup = 5218E1B2299A691F0099B04C;
			packageReferences = (
				52D1D5E1299E696600D7F9A4 /* XCRemoteSwiftPackageReference "Kingfisher" */,
			);
			productRefGroup = 5218E1BC299A691F0099B04C /* Products */;
			projectDirPath = "";
			projectRoot = "";
			targets = (
				5218E1BA299A691F0099B04C /* BuyMe */,
			);
		};
/* End PBXProject section */

/* Begin PBXResourcesBuildPhase section */
		5218E1B9299A691F0099B04C /* Resources */ = {
			isa = PBXResourcesBuildPhase;
			buildActionMask = 2147483647;
			files = (
				5218E1CB299A69210099B04C /* LaunchScreen.storyboard in Resources */,
				52B9EC06299D194700048BC6 /* ProductCell.xib in Resources */,
				5218E1C8299A69210099B04C /* Assets.xcassets in Resources */,
				5218E1C6299A691F0099B04C /* Main.storyboard in Resources */,
			);
			runOnlyForDeploymentPostprocessing = 0;
		};
/* End PBXResourcesBuildPhase section */

/* Begin PBXSourcesBuildPhase section */
		5218E1B7299A691F0099B04C /* Sources */ = {
			isa = PBXSourcesBuildPhase;
			buildActionMask = 2147483647;
			files = (
				52B9EBFE299D0F5A00048BC6 /* ProductViewModel.swift in Sources */,
				52B9EBF8299D062900048BC6 /* APIManager.swift in Sources */,
				52D3E822299E6F5700953834 /* AddProductViewController.swift in Sources */,
				52D3E829299E700600953834 /* ProductEndPointType.swift in Sources */,
				5218E1BF299A691F0099B04C /* AppDelegate.swift in Sources */,
				52B9EBFA299D067200048BC6 /* Constant.swift in Sources */,
				5218E1C1299A691F0099B04C /* SceneDelegate.swift in Sources */,
				52D1D5E5299E69B800D7F9A4 /* UIImage + Extension.swift in Sources */,
				52B9EC05299D194700048BC6 /* ProductCell.swift in Sources */,
				52D3E827299E6FDE00953834 /* EndPointType.swift in Sources */,
				52D3E824299E6F7A00953834 /* AddProduct.swift in Sources */,
				52B9EBFC299D0E0700048BC6 /* ProductListViewController.swift in Sources */,
				5218E1DE299A6C290099B04C /* Product.swift in Sources */,
			);
			runOnlyForDeploymentPostprocessing = 0;
		};
/* End PBXSourcesBuildPhase section */

/* Begin PBXVariantGroup section */
		5218E1C4299A691F0099B04C /* Main.storyboard */ = {
			isa = PBXVariantGroup;
			children = (
				5218E1C5299A691F0099B04C /* Base */,
			);
			name = Main.storyboard;
			sourceTree = "<group>";
		};
		5218E1C9299A69210099B04C /* LaunchScreen.storyboard */ = {
			isa = PBXVariantGroup;
			children = (
				5218E1CA299A69210099B04C /* Base */,
			);
			name = LaunchScreen.storyboard;
			sourceTree = "<group>";
		};
/* End PBXVariantGroup section */

/* Begin XCBuildConfiguration section */
		5218E1CD299A69210099B04C /* Debug */ = {
			isa = XCBuildConfiguration;
			buildSettings = {
				ALWAYS_SEARCH_USER_PATHS = NO;
				CLANG_ANALYZER_NONNULL = YES;
				CLANG_ANALYZER_NUMBER_OBJECT_CONVERSION = YES_AGGRESSIVE;
				CLANG_CXX_LANGUAGE_STANDARD = "gnu++20";
				CLANG_ENABLE_MODULES = YES;
				CLANG_ENABLE_OBJC_ARC = YES;
				CLANG_ENABLE_OBJC_WEAK = YES;
				CLANG_WARN_BLOCK_CAPTURE_AUTORELEASING = YES;
				CLANG_WARN_BOOL_CONVERSION = YES;
				CLANG_WARN_COMMA = YES;
				CLANG_WARN_CONSTANT_CONVERSION = YES;
				CLANG_WARN_DEPRECATED_OBJC_IMPLEMENTATIONS = YES;
				CLANG_WARN_DIRECT_OBJC_ISA_USAGE = YES_ERROR;
				CLANG_WARN_DOCUMENTATION_COMMENTS = YES;
				CLANG_WARN_EMPTY_BODY = YES;
				CLANG_WARN_ENUM_CONVERSION = YES;
				CLANG_WARN_INFINITE_RECURSION = YES;
				CLANG_WARN_INT_CONVERSION = YES;
				CLANG_WARN_NON_LITERAL_NULL_CONVERSION = YES;
				CLANG_WARN_OBJC_IMPLICIT_RETAIN_SELF = YES;
				CLANG_WARN_OBJC_LITERAL_CONVERSION = YES;
				CLANG_WARN_OBJC_ROOT_CLASS = YES_ERROR;
				CLANG_WARN_QUOTED_INCLUDE_IN_FRAMEWORK_HEADER = YES;
				CLANG_WARN_RANGE_LOOP_ANALYSIS = YES;
				CLANG_WARN_STRICT_PROTOTYPES = YES;
				CLANG_WARN_SUSPICIOUS_MOVE = YES;
				CLANG_WARN_UNGUARDED_AVAILABILITY = YES_AGGRESSIVE;
				CLANG_WARN_UNREACHABLE_CODE = YES;
				CLANG_WARN__DUPLICATE_METHOD_MATCH = YES;
				COPY_PHASE_STRIP = NO;
				DEBUG_INFORMATION_FORMAT = dwarf;
				ENABLE_STRICT_OBJC_MSGSEND = YES;
				ENABLE_TESTABILITY = YES;
				GCC_C_LANGUAGE_STANDARD = gnu11;
				GCC_DYNAMIC_NO_PIC = NO;
				GCC_NO_COMMON_BLOCKS = YES;
				GCC_OPTIMIZATION_LEVEL = 0;
				GCC_PREPROCESSOR_DEFINITIONS = (
					"DEBUG=1",
					"$(inherited)",
				);
				GCC_WARN_64_TO_32_BIT_CONVERSION = YES;
				GCC_WARN_ABOUT_RETURN_TYPE = YES_ERROR;
				GCC_WARN_UNDECLARED_SELECTOR = YES;
				GCC_WARN_UNINITIALIZED_AUTOS = YES_AGGRESSIVE;
				GCC_WARN_UNUSED_FUNCTION = YES;
				GCC_WARN_UNUSED_VARIABLE = YES;
				IPHONEOS_DEPLOYMENT_TARGET = 16.2;
				MTL_ENABLE_DEBUG_INFO = INCLUDE_SOURCE;
				MTL_FAST_MATH = YES;
				ONLY_ACTIVE_ARCH = YES;
				SDKROOT = iphoneos;
				SWIFT_ACTIVE_COMPILATION_CONDITIONS = DEBUG;
				SWIFT_OPTIMIZATION_LEVEL = "-Onone";
			};
			name = Debug;
		};
		5218E1CE299A69210099B04C /* Release */ = {
			isa = XCBuildConfiguration;
			buildSettings = {
				ALWAYS_SEARCH_USER_PATHS = NO;
				CLANG_ANALYZER_NONNULL = YES;
				CLANG_ANALYZER_NUMBER_OBJECT_CONVERSION = YES_AGGRESSIVE;
				CLANG_CXX_LANGUAGE_STANDARD = "gnu++20";
				CLANG_ENABLE_MODULES = YES;
				CLANG_ENABLE_OBJC_ARC = YES;
				CLANG_ENABLE_OBJC_WEAK = YES;
				CLANG_WARN_BLOCK_CAPTURE_AUTORELEASING = YES;
				CLANG_WARN_BOOL_CONVERSION = YES;
				CLANG_WARN_COMMA = YES;
				CLANG_WARN_CONSTANT_CONVERSION = YES;
				CLANG_WARN_DEPRECATED_OBJC_IMPLEMENTATIONS = YES;
				CLANG_WARN_DIRECT_OBJC_ISA_USAGE = YES_ERROR;
				CLANG_WARN_DOCUMENTATION_COMMENTS = YES;
				CLANG_WARN_EMPTY_BODY = YES;
				CLANG_WARN_ENUM_CONVERSION = YES;
				CLANG_WARN_INFINITE_RECURSION = YES;
				CLANG_WARN_INT_CONVERSION = YES;
				CLANG_WARN_NON_LITERAL_NULL_CONVERSION = YES;
				CLANG_WARN_OBJC_IMPLICIT_RETAIN_SELF = YES;
				CLANG_WARN_OBJC_LITERAL_CONVERSION = YES;
				CLANG_WARN_OBJC_ROOT_CLASS = YES_ERROR;
				CLANG_WARN_QUOTED_INCLUDE_IN_FRAMEWORK_HEADER = YES;
				CLANG_WARN_RANGE_LOOP_ANALYSIS = YES;
				CLANG_WARN_STRICT_PROTOTYPES = YES;
				CLANG_WARN_SUSPICIOUS_MOVE = YES;
				CLANG_WARN_UNGUARDED_AVAILABILITY = YES_AGGRESSIVE;
				CLANG_WARN_UNREACHABLE_CODE = YES;
				CLANG_WARN__DUPLICATE_METHOD_MATCH = YES;
				COPY_PHASE_STRIP = NO;
				DEBUG_INFORMATION_FORMAT = "dwarf-with-dsym";
				ENABLE_NS_ASSERTIONS = NO;
				ENABLE_STRICT_OBJC_MSGSEND = YES;
				GCC_C_LANGUAGE_STANDARD = gnu11;
				GCC_NO_COMMON_BLOCKS = YES;
				GCC_WARN_64_TO_32_BIT_CONVERSION = YES;
				GCC_WARN_ABOUT_RETURN_TYPE = YES_ERROR;
				GCC_WARN_UNDECLARED_SELECTOR = YES;
				GCC_WARN_UNINITIALIZED_AUTOS = YES_AGGRESSIVE;
				GCC_WARN_UNUSED_FUNCTION = YES;
				GCC_WARN_UNUSED_VARIABLE = YES;
				IPHONEOS_DEPLOYMENT_TARGET = 16.2;
				MTL_ENABLE_DEBUG_INFO = NO;
				MTL_FAST_MATH = YES;
				SDKROOT = iphoneos;
				SWIFT_COMPILATION_MODE = wholemodule;
				SWIFT_OPTIMIZATION_LEVEL = "-O";
				VALIDATE_PRODUCT = YES;
			};
			name = Release;
		};
		5218E1D0299A69210099B04C /* Debug */ = {
			isa = XCBuildConfiguration;
			buildSettings = {
				ASSETCATALOG_COMPILER_APPICON_NAME = AppIcon;
				ASSETCATALOG_COMPILER_GLOBAL_ACCENT_COLOR_NAME = AccentColor;
				CODE_SIGN_STYLE = Automatic;
				CURRENT_PROJECT_VERSION = 1;
				DEVELOPMENT_TEAM = M84T2Z2B4Q;
				GENERATE_INFOPLIST_FILE = YES;
				INFOPLIST_FILE = BuyMe/Info.plist;
				INFOPLIST_KEY_UIApplicationSupportsIndirectInputEvents = YES;
				INFOPLIST_KEY_UILaunchStoryboardName = LaunchScreen;
				INFOPLIST_KEY_UIMainStoryboardFile = Main;
				INFOPLIST_KEY_UISupportedInterfaceOrientations_iPad = "UIInterfaceOrientationPortrait UIInterfaceOrientationPortraitUpsideDown UIInterfaceOrientationLandscapeLeft UIInterfaceOrientationLandscapeRight";
				INFOPLIST_KEY_UISupportedInterfaceOrientations_iPhone = "UIInterfaceOrientationPortrait UIInterfaceOrientationLandscapeLeft UIInterfaceOrientationLandscapeRight";
				LD_RUNPATH_SEARCH_PATHS = (
					"$(inherited)",
					"@executable_path/Frameworks",
				);
				MARKETING_VERSION = 1.0;
				PRODUCT_BUNDLE_IDENTIFIER = com.omernayir.BuyMe;
				PRODUCT_NAME = "$(TARGET_NAME)";
				SWIFT_EMIT_LOC_STRINGS = YES;
				SWIFT_VERSION = 5.0;
				TARGETED_DEVICE_FAMILY = "1,2";
			};
			name = Debug;
		};
		5218E1D1299A69210099B04C /* Release */ = {
			isa = XCBuildConfiguration;
			buildSettings = {
				ASSETCATALOG_COMPILER_APPICON_NAME = AppIcon;
				ASSETCATALOG_COMPILER_GLOBAL_ACCENT_COLOR_NAME = AccentColor;
				CODE_SIGN_STYLE = Automatic;
				CURRENT_PROJECT_VERSION = 1;
				DEVELOPMENT_TEAM = M84T2Z2B4Q;
				GENERATE_INFOPLIST_FILE = YES;
				INFOPLIST_FILE = BuyMe/Info.plist;
				INFOPLIST_KEY_UIApplicationSupportsIndirectInputEvents = YES;
				INFOPLIST_KEY_UILaunchStoryboardName = LaunchScreen;
				INFOPLIST_KEY_UIMainStoryboardFile = Main;
				INFOPLIST_KEY_UISupportedInterfaceOrientations_iPad = "UIInterfaceOrientationPortrait UIInterfaceOrientationPortraitUpsideDown UIInterfaceOrientationLandscapeLeft UIInterfaceOrientationLandscapeRight";
				INFOPLIST_KEY_UISupportedInterfaceOrientations_iPhone = "UIInterfaceOrientationPortrait UIInterfaceOrientationLandscapeLeft UIInterfaceOrientationLandscapeRight";
				LD_RUNPATH_SEARCH_PATHS = (
					"$(inherited)",
					"@executable_path/Frameworks",
				);
				MARKETING_VERSION = 1.0;
				PRODUCT_BUNDLE_IDENTIFIER = com.omernayir.BuyMe;
				PRODUCT_NAME = "$(TARGET_NAME)";
				SWIFT_EMIT_LOC_STRINGS = YES;
				SWIFT_VERSION = 5.0;
				TARGETED_DEVICE_FAMILY = "1,2";
			};
			name = Release;
		};
/* End XCBuildConfiguration section */

/* Begin XCConfigurationList section */
		5218E1B6299A691F0099B04C /* Build configuration list for PBXProject "BuyMe" */ = {
			isa = XCConfigurationList;
			buildConfigurations = (
				5218E1CD299A69210099B04C /* Debug */,
				5218E1CE299A69210099B04C /* Release */,
			);
			defaultConfigurationIsVisible = 0;
			defaultConfigurationName = Release;
		};
		5218E1CF299A69210099B04C /* Build configuration list for PBXNativeTarget "BuyMe" */ = {
			isa = XCConfigurationList;
			buildConfigurations = (
				5218E1D0299A69210099B04C /* Debug */,
				5218E1D1299A69210099B04C /* Release */,
			);
			defaultConfigurationIsVisible = 0;
			defaultConfigurationName = Release;
		};
/* End XCConfigurationList section */

/* Begin XCRemoteSwiftPackageReference section */
		52D1D5E1299E696600D7F9A4 /* XCRemoteSwiftPackageReference "Kingfisher" */ = {
			isa = XCRemoteSwiftPackageReference;
			repositoryURL = "https://github.com/onevcat/Kingfisher.git";
			requirement = {
				kind = upToNextMajorVersion;
				minimumVersion = 7.0.0;
			};
		};
/* End XCRemoteSwiftPackageReference section */

/* Begin XCSwiftPackageProductDependency section */
		52D1D5E2299E696600D7F9A4 /* Kingfisher */ = {
			isa = XCSwiftPackageProductDependency;
			package = 52D1D5E1299E696600D7F9A4 /* XCRemoteSwiftPackageReference "Kingfisher" */;
			productName = Kingfisher;
		};
/* End XCSwiftPackageProductDependency section */
	};
	rootObject = 5218E1B3299A691F0099B04C /* Project object */;
}
